
Microsoft Visual Studio Solution File, Format Version 12.00
# Visual Studio Version 17
VisualStudioVersion = 17.7.34221.43
MinimumVisualStudioVersion = 10.0.40219.1
Project("{FAE04EC0-301F-11D3-BF4B-00C04F79EFBC}") = "ASE 2", "ASE 2.csproj", "{A0AC0D9A-B285-4510-92B9-54F48F4FDF5C}"
EndProject
Project("{9A19103F-16F7-4668-BE54-9A1E7A4F7556}") = "ASE Test", "..\ASE Test\ASE Test.csproj", "{14C948EB-BF10-48FC-B340-EFABDCA2BE0A}"
EndProject
Global
	GlobalSection(SolutionConfigurationPlatforms) = preSolution
		Debug|Any CPU = Debug|Any CPU
		Release|Any CPU = Release|Any CPU
	EndGlobalSection
	GlobalSection(ProjectConfigurationPlatforms) = postSolution
		{A0AC0D9A-B285-4510-92B9-54F48F4FDF5C}.Debug|Any CPU.ActiveCfg = Debug|Any CPU
		{A0AC0D9A-B285-4510-92B9-54F48F4FDF5C}.Debug|Any CPU.Build.0 = Debug|Any CPU
		{A0AC0D9A-B285-4510-92B9-54F48F4FDF5C}.Release|Any CPU.ActiveCfg = Release|Any CPU
		{A0AC0D9A-B285-4510-92B9-54F48F4FDF5C}.Release|Any CPU.Build.0 = Release|Any CPU
		{14C948EB-BF10-48FC-B340-EFABDCA2BE0A}.Debug|Any CPU.ActiveCfg = Debug|Any CPU
		{14C948EB-BF10-48FC-B340-EFABDCA2BE0A}.Debug|Any CPU.Build.0 = Debug|Any CPU
		{14C948EB-BF10-48FC-B340-EFABDCA2BE0A}.Release|Any CPU.ActiveCfg = Release|Any CPU
		{14C948EB-BF10-48FC-B340-EFABDCA2BE0A}.Release|Any CPU.Build.0 = Release|Any CPU
	EndGlobalSection
	GlobalSection(SolutionProperties) = preSolution
		HideSolutionNode = FALSE
	EndGlobalSection
	GlobalSection(ExtensibilityGlobals) = postSolution
		SolutionGuid = {0858850D-6F60-47A8-AB22-AF2729BD1D72}
	EndGlobalSection
EndGlobal
